
Microsoft Visual Studio Solution File, Format Version 12.00
# Visual Studio Version 17
VisualStudioVersion = 17.7.33920.267
MinimumVisualStudioVersion = 10.0.40219.1
Project("{FAE04EC0-301F-11D3-BF4B-00C04F79EFBC}") = "BlazorApp2", "BlazorApp2.csproj", "{7300098A-5954-4754-969E-11683A1BB48E}"
EndProject
Global
	GlobalSection(SolutionConfigurationPlatforms) = preSolution
		Debug|Any CPU = Debug|Any CPU
		Release|Any CPU = Release|Any CPU
	EndGlobalSection
	GlobalSection(ProjectConfigurationPlatforms) = postSolution
		{7300098A-5954-4754-969E-11683A1BB48E}.Debug|Any CPU.ActiveCfg = Debug|Any CPU
		{7300098A-5954-4754-969E-11683A1BB48E}.Debug|Any CPU.Build.0 = Debug|Any CPU
		{7300098A-5954-4754-969E-11683A1BB48E}.Release|Any CPU.ActiveCfg = Release|Any CPU
		{7300098A-5954-4754-969E-11683A1BB48E}.Release|Any CPU.Build.0 = Release|Any CPU
	EndGlobalSection
	GlobalSection(SolutionProperties) = preSolution
		HideSolutionNode = FALSE
	EndGlobalSection
	GlobalSection(ExtensibilityGlobals) = postSolution
		SolutionGuid = {F4ED14A4-0338-45BD-9CD8-1CD730E9B8EF}
	EndGlobalSection
EndGlobal
